
Microsoft Visual Studio Solution File, Format Version 12.00
# Visual Studio Version 17
VisualStudioVersion = 17.10.34928.147
MinimumVisualStudioVersion = 10.0.40219.1
Project("{9A19103F-16F7-4668-BE54-9A1E7A4F7556}") = "SystemApp_SPD321_1", "SystemApp_SPD321\SystemApp_SPD321_1.csproj", "{196A09D4-8486-47C5-9BBD-8CC4C3E7417E}"
EndProject
Project("{9A19103F-16F7-4668-BE54-9A1E7A4F7556}") = "SystemApp_2", "SystemApp_2\SystemApp_2.csproj", "{C41FFB44-BEF9-4C04-A38D-1863B9760FE9}"
EndProject
Project("{9A19103F-16F7-4668-BE54-9A1E7A4F7556}") = "WinFormsApp1", "WinFormsApp1\WinFormsApp1.csproj", "{B42DA7E1-C914-4947-9215-4E1075839FFE}"
EndProject
Project("{9A19103F-16F7-4668-BE54-9A1E7A4F7556}") = "SystemApp_3", "SystemApp_3\SystemApp_3.csproj", "{C94EF5C7-6FC6-4273-BBE9-4EB005BCE61C}"
EndProject
Project("{9A19103F-16F7-4668-BE54-9A1E7A4F7556}") = "Time", "Time\Time.csproj", "{C7F9914F-D7DF-4ED7-B3CA-9B462233EE89}"
EndProject
Project("{FAE04EC0-301F-11D3-BF4B-00C04F79EFBC}") = "SystemApp_4", "SystemApp_4\SystemApp_4.csproj", "{0440CDCB-CDC6-4600-92BA-5AE92A682255}"
EndProject
Project("{FAE04EC0-301F-11D3-BF4B-00C04F79EFBC}") = "TestAsync", "TestAsync\TestAsync.csproj", "{B99999D1-3FD3-4ECD-B51B-3AE0F0ED18A0}"
EndProject
Project("{FAE04EC0-301F-11D3-BF4B-00C04F79EFBC}") = "SystemApp_5", "SystemApp_5\SystemApp_5.csproj", "{C87C2184-9E5A-40F0-91B8-73BF63125F75}"
EndProject
Project("{FAE04EC0-301F-11D3-BF4B-00C04F79EFBC}") = "SystemApp6", "SystemApp6\SystemApp6.csproj", "{8364BB30-4F3F-4092-A7B0-85AE2F4E2FC5}"
EndProject
Global
	GlobalSection(SolutionConfigurationPlatforms) = preSolution
		Debug|Any CPU = Debug|Any CPU
		Release|Any CPU = Release|Any CPU
	EndGlobalSection
	GlobalSection(ProjectConfigurationPlatforms) = postSolution
		{196A09D4-8486-47C5-9BBD-8CC4C3E7417E}.Debug|Any CPU.ActiveCfg = Debug|Any CPU
		{196A09D4-8486-47C5-9BBD-8CC4C3E7417E}.Debug|Any CPU.Build.0 = Debug|Any CPU
		{196A09D4-8486-47C5-9BBD-8CC4C3E7417E}.Release|Any CPU.ActiveCfg = Release|Any CPU
		{196A09D4-8486-47C5-9BBD-8CC4C3E7417E}.Release|Any CPU.Build.0 = Release|Any CPU
		{C41FFB44-BEF9-4C04-A38D-1863B9760FE9}.Debug|Any CPU.ActiveCfg = Debug|Any CPU
		{C41FFB44-BEF9-4C04-A38D-1863B9760FE9}.Debug|Any CPU.Build.0 = Debug|Any CPU
		{C41FFB44-BEF9-4C04-A38D-1863B9760FE9}.Release|Any CPU.ActiveCfg = Release|Any CPU
		{C41FFB44-BEF9-4C04-A38D-1863B9760FE9}.Release|Any CPU.Build.0 = Release|Any CPU
		{B42DA7E1-C914-4947-9215-4E1075839FFE}.Debug|Any CPU.ActiveCfg = Debug|Any CPU
		{B42DA7E1-C914-4947-9215-4E1075839FFE}.Debug|Any CPU.Build.0 = Debug|Any CPU
		{B42DA7E1-C914-4947-9215-4E1075839FFE}.Release|Any CPU.ActiveCfg = Release|Any CPU
		{B42DA7E1-C914-4947-9215-4E1075839FFE}.Release|Any CPU.Build.0 = Release|Any CPU
		{C94EF5C7-6FC6-4273-BBE9-4EB005BCE61C}.Debug|Any CPU.ActiveCfg = Debug|Any CPU
		{C94EF5C7-6FC6-4273-BBE9-4EB005BCE61C}.Debug|Any CPU.Build.0 = Debug|Any CPU
		{C94EF5C7-6FC6-4273-BBE9-4EB005BCE61C}.Release|Any CPU.ActiveCfg = Release|Any CPU
		{C94EF5C7-6FC6-4273-BBE9-4EB005BCE61C}.Release|Any CPU.Build.0 = Release|Any CPU
		{C7F9914F-D7DF-4ED7-B3CA-9B462233EE89}.Debug|Any CPU.ActiveCfg = Debug|Any CPU
		{C7F9914F-D7DF-4ED7-B3CA-9B462233EE89}.Debug|Any CPU.Build.0 = Debug|Any CPU
		{C7F9914F-D7DF-4ED7-B3CA-9B462233EE89}.Release|Any CPU.ActiveCfg = Release|Any CPU
		{C7F9914F-D7DF-4ED7-B3CA-9B462233EE89}.Release|Any CPU.Build.0 = Release|Any CPU
		{0440CDCB-CDC6-4600-92BA-5AE92A682255}.Debug|Any CPU.ActiveCfg = Debug|Any CPU
		{0440CDCB-CDC6-4600-92BA-5AE92A682255}.Debug|Any CPU.Build.0 = Debug|Any CPU
		{0440CDCB-CDC6-4600-92BA-5AE92A682255}.Release|Any CPU.ActiveCfg = Release|Any CPU
		{0440CDCB-CDC6-4600-92BA-5AE92A682255}.Release|Any CPU.Build.0 = Release|Any CPU
		{B99999D1-3FD3-4ECD-B51B-3AE0F0ED18A0}.Debug|Any CPU.ActiveCfg = Debug|Any CPU
		{B99999D1-3FD3-4ECD-B51B-3AE0F0ED18A0}.Debug|Any CPU.Build.0 = Debug|Any CPU
		{B99999D1-3FD3-4ECD-B51B-3AE0F0ED18A0}.Release|Any CPU.ActiveCfg = Release|Any CPU
		{B99999D1-3FD3-4ECD-B51B-3AE0F0ED18A0}.Release|Any CPU.Build.0 = Release|Any CPU
		{C87C2184-9E5A-40F0-91B8-73BF63125F75}.Debug|Any CPU.ActiveCfg = Debug|Any CPU
		{C87C2184-9E5A-40F0-91B8-73BF63125F75}.Debug|Any CPU.Build.0 = Debug|Any CPU
		{C87C2184-9E5A-40F0-91B8-73BF63125F75}.Release|Any CPU.ActiveCfg = Release|Any CPU
		{C87C2184-9E5A-40F0-91B8-73BF63125F75}.Release|Any CPU.Build.0 = Release|Any CPU
		{8364BB30-4F3F-4092-A7B0-85AE2F4E2FC5}.Debug|Any CPU.ActiveCfg = Debug|Any CPU
		{8364BB30-4F3F-4092-A7B0-85AE2F4E2FC5}.Debug|Any CPU.Build.0 = Debug|Any CPU
		{8364BB30-4F3F-4092-A7B0-85AE2F4E2FC5}.Release|Any CPU.ActiveCfg = Release|Any CPU
		{8364BB30-4F3F-4092-A7B0-85AE2F4E2FC5}.Release|Any CPU.Build.0 = Release|Any CPU
	EndGlobalSection
	GlobalSection(SolutionProperties) = preSolution
		HideSolutionNode = FALSE
	EndGlobalSection
	GlobalSection(ExtensibilityGlobals) = postSolution
		SolutionGuid = {DB650BE8-B03A-47D3-8466-B1CD64D2DF4D}
	EndGlobalSection
EndGlobal
