
Microsoft Visual Studio Solution File, Format Version 12.00
# Visual Studio Version 17
VisualStudioVersion = 17.10.34928.147
MinimumVisualStudioVersion = 10.0.40219.1
Project("{FAE04EC0-301F-11D3-BF4B-00C04F79EFBC}") = "SystemApp_SPD321_1", "SystemApp_SPD321\SystemApp_SPD321_1.csproj", "{196A09D4-8486-47C5-9BBD-8CC4C3E7417E}"
EndProject
Global
	GlobalSection(SolutionConfigurationPlatforms) = preSolution
		Debug|Any CPU = Debug|Any CPU
		Release|Any CPU = Release|Any CPU
	EndGlobalSection
	GlobalSection(ProjectConfigurationPlatforms) = postSolution
		{196A09D4-8486-47C5-9BBD-8CC4C3E7417E}.Debug|Any CPU.ActiveCfg = Debug|Any CPU
		{196A09D4-8486-47C5-9BBD-8CC4C3E7417E}.Debug|Any CPU.Build.0 = Debug|Any CPU
		{196A09D4-8486-47C5-9BBD-8CC4C3E7417E}.Release|Any CPU.ActiveCfg = Release|Any CPU
		{196A09D4-8486-47C5-9BBD-8CC4C3E7417E}.Release|Any CPU.Build.0 = Release|Any CPU
	EndGlobalSection
	GlobalSection(SolutionProperties) = preSolution
		HideSolutionNode = FALSE
	EndGlobalSection
	GlobalSection(ExtensibilityGlobals) = postSolution
		SolutionGuid = {DB650BE8-B03A-47D3-8466-B1CD64D2DF4D}
	EndGlobalSection
EndGlobal
